
Microsoft Visual Studio Solution File, Format Version 12.00
Project("{FAE04EC0-301F-11D3-BF4B-00C04F79EFBC}") = "expenses_backend", "expenses_backend\expenses_backend.csproj", "{9915C30E-E04C-42DE-81C4-9E069F7521F3}"
EndProject
Project("{FAE04EC0-301F-11D3-BF4B-00C04F79EFBC}") = "expenses_db", "expenses_db\expenses_db.csproj", "{82932611-5009-473D-B50E-44F9A4CB0BB6}"
EndProject
Project("{FAE04EC0-301F-11D3-BF4B-00C04F79EFBC}") = "expenses.core", "expenses.core\expenses.core.csproj", "{2A361511-73B8-48A5-B146-8939F2A5CFFE}"
EndProject
Global
	GlobalSection(SolutionConfigurationPlatforms) = preSolution
		Debug|Any CPU = Debug|Any CPU
		Release|Any CPU = Release|Any CPU
	EndGlobalSection
	GlobalSection(ProjectConfigurationPlatforms) = postSolution
		{9915C30E-E04C-42DE-81C4-9E069F7521F3}.Debug|Any CPU.ActiveCfg = Debug|Any CPU
		{9915C30E-E04C-42DE-81C4-9E069F7521F3}.Debug|Any CPU.Build.0 = Debug|Any CPU
		{9915C30E-E04C-42DE-81C4-9E069F7521F3}.Release|Any CPU.ActiveCfg = Release|Any CPU
		{9915C30E-E04C-42DE-81C4-9E069F7521F3}.Release|Any CPU.Build.0 = Release|Any CPU
		{82932611-5009-473D-B50E-44F9A4CB0BB6}.Debug|Any CPU.ActiveCfg = Debug|Any CPU
		{82932611-5009-473D-B50E-44F9A4CB0BB6}.Debug|Any CPU.Build.0 = Debug|Any CPU
		{82932611-5009-473D-B50E-44F9A4CB0BB6}.Release|Any CPU.ActiveCfg = Release|Any CPU
		{82932611-5009-473D-B50E-44F9A4CB0BB6}.Release|Any CPU.Build.0 = Release|Any CPU
		{2A361511-73B8-48A5-B146-8939F2A5CFFE}.Debug|Any CPU.ActiveCfg = Debug|Any CPU
		{2A361511-73B8-48A5-B146-8939F2A5CFFE}.Debug|Any CPU.Build.0 = Debug|Any CPU
		{2A361511-73B8-48A5-B146-8939F2A5CFFE}.Release|Any CPU.ActiveCfg = Release|Any CPU
		{2A361511-73B8-48A5-B146-8939F2A5CFFE}.Release|Any CPU.Build.0 = Release|Any CPU
	EndGlobalSection
EndGlobal
